
Microsoft Visual Studio Solution File, Format Version 12.00
# Visual Studio Version 17
VisualStudioVersion = 17.5.33627.172
MinimumVisualStudioVersion = 10.0.40219.1
Project("{FAE04EC0-301F-11D3-BF4B-00C04F79EFBC}") = "CodeFundamentals", "CodeFundamentals\CodeFundamentals.csproj", "{88BB54FF-F899-49DD-AEB3-D950B297B91F}"
EndProject
Project("{2150E333-8FDC-42A3-9474-1A3956D46DE8}") = "Tests", "Tests", "{0AB3BF05-4346-4AA6-1389-037BE0695223}"
EndProject
Project("{FAE04EC0-301F-11D3-BF4B-00C04F79EFBC}") = "CodeFundamentals.Tests", "Tests\CodeFundamentals.Tests.csproj", "{B755AD2E-7688-4F90-BBAF-8B59EAAF1AB3}"
EndProject
Global
	GlobalSection(SolutionConfigurationPlatforms) = preSolution
		Debug|Any CPU = Debug|Any CPU
		Debug|x64 = Debug|x64
		Debug|x86 = Debug|x86
		Release|Any CPU = Release|Any CPU
		Release|x64 = Release|x64
		Release|x86 = Release|x86
	EndGlobalSection
	GlobalSection(ProjectConfigurationPlatforms) = postSolution
		{88BB54FF-F899-49DD-AEB3-D950B297B91F}.Debug|Any CPU.ActiveCfg = Debug|Any CPU
		{88BB54FF-F899-49DD-AEB3-D950B297B91F}.Debug|Any CPU.Build.0 = Debug|Any CPU
		{88BB54FF-F899-49DD-AEB3-D950B297B91F}.Debug|x64.ActiveCfg = Debug|Any CPU
		{88BB54FF-F899-49DD-AEB3-D950B297B91F}.Debug|x64.Build.0 = Debug|Any CPU
		{88BB54FF-F899-49DD-AEB3-D950B297B91F}.Debug|x86.ActiveCfg = Debug|Any CPU
		{88BB54FF-F899-49DD-AEB3-D950B297B91F}.Debug|x86.Build.0 = Debug|Any CPU
		{88BB54FF-F899-49DD-AEB3-D950B297B91F}.Release|Any CPU.ActiveCfg = Release|Any CPU
		{88BB54FF-F899-49DD-AEB3-D950B297B91F}.Release|Any CPU.Build.0 = Release|Any CPU
		{88BB54FF-F899-49DD-AEB3-D950B297B91F}.Release|x64.ActiveCfg = Release|Any CPU
		{88BB54FF-F899-49DD-AEB3-D950B297B91F}.Release|x64.Build.0 = Release|Any CPU
		{88BB54FF-F899-49DD-AEB3-D950B297B91F}.Release|x86.ActiveCfg = Release|Any CPU
		{88BB54FF-F899-49DD-AEB3-D950B297B91F}.Release|x86.Build.0 = Release|Any CPU
		{B755AD2E-7688-4F90-BBAF-8B59EAAF1AB3}.Debug|Any CPU.ActiveCfg = Debug|Any CPU
		{B755AD2E-7688-4F90-BBAF-8B59EAAF1AB3}.Debug|Any CPU.Build.0 = Debug|Any CPU
		{B755AD2E-7688-4F90-BBAF-8B59EAAF1AB3}.Debug|x64.ActiveCfg = Debug|Any CPU
		{B755AD2E-7688-4F90-BBAF-8B59EAAF1AB3}.Debug|x64.Build.0 = Debug|Any CPU
		{B755AD2E-7688-4F90-BBAF-8B59EAAF1AB3}.Debug|x86.ActiveCfg = Debug|Any CPU
		{B755AD2E-7688-4F90-BBAF-8B59EAAF1AB3}.Debug|x86.Build.0 = Debug|Any CPU
		{B755AD2E-7688-4F90-BBAF-8B59EAAF1AB3}.Release|Any CPU.ActiveCfg = Release|Any CPU
		{B755AD2E-7688-4F90-BBAF-8B59EAAF1AB3}.Release|Any CPU.Build.0 = Release|Any CPU
		{B755AD2E-7688-4F90-BBAF-8B59EAAF1AB3}.Release|x64.ActiveCfg = Release|Any CPU
		{B755AD2E-7688-4F90-BBAF-8B59EAAF1AB3}.Release|x64.Build.0 = Release|Any CPU
		{B755AD2E-7688-4F90-BBAF-8B59EAAF1AB3}.Release|x86.ActiveCfg = Release|Any CPU
		{B755AD2E-7688-4F90-BBAF-8B59EAAF1AB3}.Release|x86.Build.0 = Release|Any CPU
	EndGlobalSection
	GlobalSection(SolutionProperties) = preSolution
		HideSolutionNode = FALSE
	EndGlobalSection
	GlobalSection(NestedProjects) = preSolution
		{B755AD2E-7688-4F90-BBAF-8B59EAAF1AB3} = {0AB3BF05-4346-4AA6-1389-037BE0695223}
	EndGlobalSection
	GlobalSection(ExtensibilityGlobals) = postSolution
		SolutionGuid = {B1B3978D-05B1-4010-A214-893BA2FFBEB9}
	EndGlobalSection
EndGlobal
